
Microsoft Visual Studio Solution File, Format Version 12.00
# Visual Studio Version 16
VisualStudioVersion = 16.0.31613.86
MinimumVisualStudioVersion = 10.0.40219.1
Project("{9A19103F-16F7-4668-BE54-9A1E7A4F7556}") = "AutoAdoNet.Services", "AutoAdoNet.Services\AutoAdoNet.Services.csproj", "{45E5BB93-3D4B-4B56-8D78-2C0FEAAEB611}"
EndProject
Project("{9A19103F-16F7-4668-BE54-9A1E7A4F7556}") = "AutoAdoNet.Models", "AutoAdoNet.Models\AutoAdoNet.Models.csproj", "{F175FA7D-3959-4D21-B986-8489CF3B138D}"
EndProject
Project("{9A19103F-16F7-4668-BE54-9A1E7A4F7556}") = "AutoAdoNet.API", "AutoAdoNet.API\AutoAdoNet.API.csproj", "{3F811FBE-0DF0-4787-91EC-CE1C192EC42A}"
	ProjectSection(ProjectDependencies) = postProject
		{F175FA7D-3959-4D21-B986-8489CF3B138D} = {F175FA7D-3959-4D21-B986-8489CF3B138D}
		{45E5BB93-3D4B-4B56-8D78-2C0FEAAEB611} = {45E5BB93-3D4B-4B56-8D78-2C0FEAAEB611}
	EndProjectSection
EndProject
Project("{2150E333-8FDC-42A3-9474-1A3956D46DE8}") = "Docu", "Docu", "{2CF77A3C-AC0D-4CAF-AFF0-5FD5FFCA7B20}"
	ProjectSection(SolutionItems) = preProject
		AutoAdoNetDB_Script.sql = AutoAdoNetDB_Script.sql
	EndProjectSection
EndProject
Global
	GlobalSection(SolutionConfigurationPlatforms) = preSolution
		Debug|Any CPU = Debug|Any CPU
		Release|Any CPU = Release|Any CPU
	EndGlobalSection
	GlobalSection(ProjectConfigurationPlatforms) = postSolution
		{45E5BB93-3D4B-4B56-8D78-2C0FEAAEB611}.Debug|Any CPU.ActiveCfg = Debug|Any CPU
		{45E5BB93-3D4B-4B56-8D78-2C0FEAAEB611}.Debug|Any CPU.Build.0 = Debug|Any CPU
		{45E5BB93-3D4B-4B56-8D78-2C0FEAAEB611}.Release|Any CPU.ActiveCfg = Release|Any CPU
		{45E5BB93-3D4B-4B56-8D78-2C0FEAAEB611}.Release|Any CPU.Build.0 = Release|Any CPU
		{F175FA7D-3959-4D21-B986-8489CF3B138D}.Debug|Any CPU.ActiveCfg = Debug|Any CPU
		{F175FA7D-3959-4D21-B986-8489CF3B138D}.Debug|Any CPU.Build.0 = Debug|Any CPU
		{F175FA7D-3959-4D21-B986-8489CF3B138D}.Release|Any CPU.ActiveCfg = Release|Any CPU
		{F175FA7D-3959-4D21-B986-8489CF3B138D}.Release|Any CPU.Build.0 = Release|Any CPU
		{3F811FBE-0DF0-4787-91EC-CE1C192EC42A}.Debug|Any CPU.ActiveCfg = Debug|Any CPU
		{3F811FBE-0DF0-4787-91EC-CE1C192EC42A}.Debug|Any CPU.Build.0 = Debug|Any CPU
		{3F811FBE-0DF0-4787-91EC-CE1C192EC42A}.Release|Any CPU.ActiveCfg = Release|Any CPU
		{3F811FBE-0DF0-4787-91EC-CE1C192EC42A}.Release|Any CPU.Build.0 = Release|Any CPU
	EndGlobalSection
	GlobalSection(SolutionProperties) = preSolution
		HideSolutionNode = FALSE
	EndGlobalSection
	GlobalSection(ExtensibilityGlobals) = postSolution
		SolutionGuid = {DF17EF03-7148-4DEC-90BE-43A369C2801B}
	EndGlobalSection
EndGlobal
